
Microsoft Visual Studio Solution File, Format Version 12.00
# Visual Studio Version 17
VisualStudioVersion = 17.0.31903.59
MinimumVisualStudioVersion = 10.0.40219.1
Project("{2150E333-8FDC-42A3-9474-1A3956D46DE8}") = "src", "src", "{827E0CD3-B72D-47B6-A68D-7590B98EB39B}"
EndProject
Project("{FAE04EC0-301F-11D3-BF4B-00C04F79EFBC}") = "AusbildungsPlaner.Web", "src\AusbildungsPlaner.Web\AusbildungsPlaner.Web.csproj", "{33D5BBE2-C000-4BDC-AEDB-B1A12467BF18}"
EndProject
Project("{FAE04EC0-301F-11D3-BF4B-00C04F79EFBC}") = "AusbildungsPlaner.Tests", "src\AusbildungsPlaner.Tests\AusbildungsPlaner.Tests.csproj", "{E1673B63-A512-458D-A944-23A640172950}"
EndProject
Global
	GlobalSection(SolutionConfigurationPlatforms) = preSolution
		Debug|Any CPU = Debug|Any CPU
		Debug|x64 = Debug|x64
		Debug|x86 = Debug|x86
		Release|Any CPU = Release|Any CPU
		Release|x64 = Release|x64
		Release|x86 = Release|x86
	EndGlobalSection
	GlobalSection(ProjectConfigurationPlatforms) = postSolution
		{33D5BBE2-C000-4BDC-AEDB-B1A12467BF18}.Debug|Any CPU.ActiveCfg = Debug|Any CPU
		{33D5BBE2-C000-4BDC-AEDB-B1A12467BF18}.Debug|Any CPU.Build.0 = Debug|Any CPU
		{33D5BBE2-C000-4BDC-AEDB-B1A12467BF18}.Debug|x64.ActiveCfg = Debug|Any CPU
		{33D5BBE2-C000-4BDC-AEDB-B1A12467BF18}.Debug|x64.Build.0 = Debug|Any CPU
		{33D5BBE2-C000-4BDC-AEDB-B1A12467BF18}.Debug|x86.ActiveCfg = Debug|Any CPU
		{33D5BBE2-C000-4BDC-AEDB-B1A12467BF18}.Debug|x86.Build.0 = Debug|Any CPU
		{33D5BBE2-C000-4BDC-AEDB-B1A12467BF18}.Release|Any CPU.ActiveCfg = Release|Any CPU
		{33D5BBE2-C000-4BDC-AEDB-B1A12467BF18}.Release|Any CPU.Build.0 = Release|Any CPU
		{33D5BBE2-C000-4BDC-AEDB-B1A12467BF18}.Release|x64.ActiveCfg = Release|Any CPU
		{33D5BBE2-C000-4BDC-AEDB-B1A12467BF18}.Release|x64.Build.0 = Release|Any CPU
		{33D5BBE2-C000-4BDC-AEDB-B1A12467BF18}.Release|x86.ActiveCfg = Release|Any CPU
		{33D5BBE2-C000-4BDC-AEDB-B1A12467BF18}.Release|x86.Build.0 = Release|Any CPU
		{E1673B63-A512-458D-A944-23A640172950}.Debug|Any CPU.ActiveCfg = Debug|Any CPU
		{E1673B63-A512-458D-A944-23A640172950}.Debug|Any CPU.Build.0 = Debug|Any CPU
		{E1673B63-A512-458D-A944-23A640172950}.Debug|x64.ActiveCfg = Debug|Any CPU
		{E1673B63-A512-458D-A944-23A640172950}.Debug|x64.Build.0 = Debug|Any CPU
		{E1673B63-A512-458D-A944-23A640172950}.Debug|x86.ActiveCfg = Debug|Any CPU
		{E1673B63-A512-458D-A944-23A640172950}.Debug|x86.Build.0 = Debug|Any CPU
		{E1673B63-A512-458D-A944-23A640172950}.Release|Any CPU.ActiveCfg = Release|Any CPU
		{E1673B63-A512-458D-A944-23A640172950}.Release|Any CPU.Build.0 = Release|Any CPU
		{E1673B63-A512-458D-A944-23A640172950}.Release|x64.ActiveCfg = Release|Any CPU
		{E1673B63-A512-458D-A944-23A640172950}.Release|x64.Build.0 = Release|Any CPU
		{E1673B63-A512-458D-A944-23A640172950}.Release|x86.ActiveCfg = Release|Any CPU
		{E1673B63-A512-458D-A944-23A640172950}.Release|x86.Build.0 = Release|Any CPU
	EndGlobalSection
	GlobalSection(SolutionProperties) = preSolution
		HideSolutionNode = FALSE
	EndGlobalSection
	GlobalSection(NestedProjects) = preSolution
		{33D5BBE2-C000-4BDC-AEDB-B1A12467BF18} = {827E0CD3-B72D-47B6-A68D-7590B98EB39B}
		{E1673B63-A512-458D-A944-23A640172950} = {827E0CD3-B72D-47B6-A68D-7590B98EB39B}
	EndGlobalSection
EndGlobal
